
Microsoft Visual Studio Solution File, Format Version 12.00
# Visual Studio Version 16
VisualStudioVersion = 16.0.28922.388
MinimumVisualStudioVersion = 10.0.40219.1
Project("{FAE04EC0-301F-11D3-BF4B-00C04F79EFBC}") = "eCommerceDotNet", "eCommerceDotNet.csproj", "{151B9A68-5E61-4CBA-B161-DF3A749E22C0}"
EndProject
Global
	GlobalSection(SolutionConfigurationPlatforms) = preSolution
		Debug|Any CPU = Debug|Any CPU
		Release|Any CPU = Release|Any CPU
	EndGlobalSection
	GlobalSection(ProjectConfigurationPlatforms) = postSolution
		{151B9A68-5E61-4CBA-B161-DF3A749E22C0}.Debug|Any CPU.ActiveCfg = Debug|Any CPU
		{151B9A68-5E61-4CBA-B161-DF3A749E22C0}.Debug|Any CPU.Build.0 = Debug|Any CPU
		{151B9A68-5E61-4CBA-B161-DF3A749E22C0}.Release|Any CPU.ActiveCfg = Release|Any CPU
		{151B9A68-5E61-4CBA-B161-DF3A749E22C0}.Release|Any CPU.Build.0 = Release|Any CPU
	EndGlobalSection
	GlobalSection(SolutionProperties) = preSolution
		HideSolutionNode = FALSE
	EndGlobalSection
	GlobalSection(ExtensibilityGlobals) = postSolution
		SolutionGuid = {0364B8FC-35A5-4F16-8161-0989B7281EDB}
	EndGlobalSection
EndGlobal
